
Microsoft Visual Studio Solution File, Format Version 12.00
# Visual Studio Version 17
VisualStudioVersion = 17.5.33516.290
MinimumVisualStudioVersion = 10.0.40219.1
Project("{2150E333-8FDC-42A3-9474-1A3956D46DE8}") = "Testing", "Testing", "{5D110BBC-7FBA-4B39-A80C-3417D72F258F}"
EndProject
Project("{9A19103F-16F7-4668-BE54-9A1E7A4F7556}") = "Testing.Server", "Testing\Testing.Server\Testing.Server.csproj", "{0EE32257-B075-4276-9571-451E06E1EA8A}"
EndProject
Project("{9A19103F-16F7-4668-BE54-9A1E7A4F7556}") = "Testing.NativeApp", "Testing\Testing.NativeApp\Testing.NativeApp.csproj", "{CBCDF411-471A-4ACE-9B4C-41F77B08EB4D}"
EndProject
Project("{9A19103F-16F7-4668-BE54-9A1E7A4F7556}") = "Server", "Server\Server.csproj", "{5923C998-D8E6-4C02-A92F-DA2D2A9898AA}"
EndProject
Project("{9A19103F-16F7-4668-BE54-9A1E7A4F7556}") = "NativeApp", "NativeApp\NativeApp.csproj", "{538E45EE-DCEF-438E-AC76-824E683E834C}"
EndProject
Project("{9A19103F-16F7-4668-BE54-9A1E7A4F7556}") = "Domain", "Domain\Domain.csproj", "{7E484B5A-C92B-4ED4-AD82-C1B68DFAB5E5}"
EndProject
Project("{9A19103F-16F7-4668-BE54-9A1E7A4F7556}") = "Infrastructure", "Infrastructure\Infrastructure.csproj", "{BF99080C-DC51-4CBE-AE92-2E75E13C3396}"
EndProject
Project("{2150E333-8FDC-42A3-9474-1A3956D46DE8}") = "Solution Items", "Solution Items", "{E3C77F96-1BF4-4316-A886-ADC8D1DE42B3}"
	ProjectSection(SolutionItems) = preProject
		.editorconfig = .editorconfig
	EndProjectSection
EndProject
Project("{2150E333-8FDC-42A3-9474-1A3956D46DE8}") = "Benchmarks", "Benchmarks", "{0EC5A54B-A5EF-4F84-A6D6-2B6E781D6E02}"
EndProject
Project("{FAE04EC0-301F-11D3-BF4B-00C04F79EFBC}") = "NativeApp.Benchmarks", "NativeApp.Benchmarks\NativeApp.Benchmarks.csproj", "{011C1F30-91B2-4726-92C2-C2AA0FDE22E4}"
EndProject
Global
	GlobalSection(SolutionConfigurationPlatforms) = preSolution
		Debug|Any CPU = Debug|Any CPU
		Debug|Any CPU Testing = Debug|Any CPU Testing
		Debug|ARM64 = Debug|ARM64
		Release|Any CPU = Release|Any CPU
		Release|Any CPU Testing = Release|Any CPU Testing
		Release|ARM64 = Release|ARM64
	EndGlobalSection
	GlobalSection(ProjectConfigurationPlatforms) = postSolution
		{0EE32257-B075-4276-9571-451E06E1EA8A}.Debug|Any CPU.ActiveCfg = Debug|Any CPU
		{0EE32257-B075-4276-9571-451E06E1EA8A}.Debug|Any CPU.Build.0 = Debug|Any CPU
		{0EE32257-B075-4276-9571-451E06E1EA8A}.Debug|Any CPU Testing.ActiveCfg = Debug|Any CPU
		{0EE32257-B075-4276-9571-451E06E1EA8A}.Debug|Any CPU Testing.Build.0 = Debug|Any CPU
		{0EE32257-B075-4276-9571-451E06E1EA8A}.Debug|ARM64.ActiveCfg = Debug|ARM64
		{0EE32257-B075-4276-9571-451E06E1EA8A}.Debug|ARM64.Build.0 = Debug|ARM64
		{0EE32257-B075-4276-9571-451E06E1EA8A}.Release|Any CPU.ActiveCfg = Release|Any CPU
		{0EE32257-B075-4276-9571-451E06E1EA8A}.Release|Any CPU.Build.0 = Release|Any CPU
		{0EE32257-B075-4276-9571-451E06E1EA8A}.Release|Any CPU Testing.ActiveCfg = Release|Any CPU
		{0EE32257-B075-4276-9571-451E06E1EA8A}.Release|Any CPU Testing.Build.0 = Release|Any CPU
		{0EE32257-B075-4276-9571-451E06E1EA8A}.Release|ARM64.ActiveCfg = Release|Any CPU
		{0EE32257-B075-4276-9571-451E06E1EA8A}.Release|ARM64.Build.0 = Release|Any CPU
		{CBCDF411-471A-4ACE-9B4C-41F77B08EB4D}.Debug|Any CPU.ActiveCfg = Debug|Any CPU
		{CBCDF411-471A-4ACE-9B4C-41F77B08EB4D}.Debug|Any CPU.Build.0 = Debug|Any CPU
		{CBCDF411-471A-4ACE-9B4C-41F77B08EB4D}.Debug|Any CPU Testing.ActiveCfg = Debug|Any CPU
		{CBCDF411-471A-4ACE-9B4C-41F77B08EB4D}.Debug|Any CPU Testing.Build.0 = Debug|Any CPU
		{CBCDF411-471A-4ACE-9B4C-41F77B08EB4D}.Debug|ARM64.ActiveCfg = Debug|ARM64
		{CBCDF411-471A-4ACE-9B4C-41F77B08EB4D}.Debug|ARM64.Build.0 = Debug|ARM64
		{CBCDF411-471A-4ACE-9B4C-41F77B08EB4D}.Release|Any CPU.ActiveCfg = Release|Any CPU
		{CBCDF411-471A-4ACE-9B4C-41F77B08EB4D}.Release|Any CPU.Build.0 = Release|Any CPU
		{CBCDF411-471A-4ACE-9B4C-41F77B08EB4D}.Release|Any CPU Testing.ActiveCfg = Release|Any CPU
		{CBCDF411-471A-4ACE-9B4C-41F77B08EB4D}.Release|Any CPU Testing.Build.0 = Release|Any CPU
		{CBCDF411-471A-4ACE-9B4C-41F77B08EB4D}.Release|ARM64.ActiveCfg = Release|Any CPU
		{CBCDF411-471A-4ACE-9B4C-41F77B08EB4D}.Release|ARM64.Build.0 = Release|Any CPU
		{5923C998-D8E6-4C02-A92F-DA2D2A9898AA}.Debug|Any CPU.ActiveCfg = Debug|Any CPU
		{5923C998-D8E6-4C02-A92F-DA2D2A9898AA}.Debug|Any CPU.Build.0 = Debug|Any CPU
		{5923C998-D8E6-4C02-A92F-DA2D2A9898AA}.Debug|Any CPU Testing.ActiveCfg = Debug|Any CPU
		{5923C998-D8E6-4C02-A92F-DA2D2A9898AA}.Debug|Any CPU Testing.Build.0 = Debug|Any CPU
		{5923C998-D8E6-4C02-A92F-DA2D2A9898AA}.Debug|ARM64.ActiveCfg = Debug|ARM64
		{5923C998-D8E6-4C02-A92F-DA2D2A9898AA}.Debug|ARM64.Build.0 = Debug|ARM64
		{5923C998-D8E6-4C02-A92F-DA2D2A9898AA}.Release|Any CPU.ActiveCfg = Release|Any CPU
		{5923C998-D8E6-4C02-A92F-DA2D2A9898AA}.Release|Any CPU.Build.0 = Release|Any CPU
		{5923C998-D8E6-4C02-A92F-DA2D2A9898AA}.Release|Any CPU Testing.ActiveCfg = Release|Any CPU
		{5923C998-D8E6-4C02-A92F-DA2D2A9898AA}.Release|Any CPU Testing.Build.0 = Release|Any CPU
		{5923C998-D8E6-4C02-A92F-DA2D2A9898AA}.Release|ARM64.ActiveCfg = Release|Any CPU
		{5923C998-D8E6-4C02-A92F-DA2D2A9898AA}.Release|ARM64.Build.0 = Release|Any CPU
		{538E45EE-DCEF-438E-AC76-824E683E834C}.Debug|Any CPU.ActiveCfg = Debug|Any CPU
		{538E45EE-DCEF-438E-AC76-824E683E834C}.Debug|Any CPU.Build.0 = Debug|Any CPU
		{538E45EE-DCEF-438E-AC76-824E683E834C}.Debug|Any CPU.Deploy.0 = Debug|Any CPU
		{538E45EE-DCEF-438E-AC76-824E683E834C}.Debug|Any CPU Testing.ActiveCfg = Debug|Any CPU
		{538E45EE-DCEF-438E-AC76-824E683E834C}.Debug|Any CPU Testing.Build.0 = Debug|Any CPU
		{538E45EE-DCEF-438E-AC76-824E683E834C}.Debug|Any CPU Testing.Deploy.0 = Debug|Any CPU
		{538E45EE-DCEF-438E-AC76-824E683E834C}.Debug|ARM64.ActiveCfg = Debug|ARM64
		{538E45EE-DCEF-438E-AC76-824E683E834C}.Debug|ARM64.Build.0 = Debug|ARM64
		{538E45EE-DCEF-438E-AC76-824E683E834C}.Debug|ARM64.Deploy.0 = Debug|ARM64
		{538E45EE-DCEF-438E-AC76-824E683E834C}.Release|Any CPU.ActiveCfg = Release|Any CPU
		{538E45EE-DCEF-438E-AC76-824E683E834C}.Release|Any CPU.Build.0 = Release|Any CPU
		{538E45EE-DCEF-438E-AC76-824E683E834C}.Release|Any CPU.Deploy.0 = Release|Any CPU
		{538E45EE-DCEF-438E-AC76-824E683E834C}.Release|Any CPU Testing.ActiveCfg = Release|Any CPU
		{538E45EE-DCEF-438E-AC76-824E683E834C}.Release|Any CPU Testing.Build.0 = Release|Any CPU
		{538E45EE-DCEF-438E-AC76-824E683E834C}.Release|ARM64.ActiveCfg = Release|ARM64
		{538E45EE-DCEF-438E-AC76-824E683E834C}.Release|ARM64.Build.0 = Release|ARM64
		{538E45EE-DCEF-438E-AC76-824E683E834C}.Release|ARM64.Deploy.0 = Release|ARM64
		{7E484B5A-C92B-4ED4-AD82-C1B68DFAB5E5}.Debug|Any CPU.ActiveCfg = Debug|Any CPU
		{7E484B5A-C92B-4ED4-AD82-C1B68DFAB5E5}.Debug|Any CPU.Build.0 = Debug|Any CPU
		{7E484B5A-C92B-4ED4-AD82-C1B68DFAB5E5}.Debug|Any CPU Testing.ActiveCfg = Debug|Any CPU
		{7E484B5A-C92B-4ED4-AD82-C1B68DFAB5E5}.Debug|Any CPU Testing.Build.0 = Debug|Any CPU
		{7E484B5A-C92B-4ED4-AD82-C1B68DFAB5E5}.Debug|ARM64.ActiveCfg = Debug|ARM64
		{7E484B5A-C92B-4ED4-AD82-C1B68DFAB5E5}.Debug|ARM64.Build.0 = Debug|ARM64
		{7E484B5A-C92B-4ED4-AD82-C1B68DFAB5E5}.Release|Any CPU.ActiveCfg = Release|Any CPU
		{7E484B5A-C92B-4ED4-AD82-C1B68DFAB5E5}.Release|Any CPU.Build.0 = Release|Any CPU
		{7E484B5A-C92B-4ED4-AD82-C1B68DFAB5E5}.Release|Any CPU Testing.ActiveCfg = Release|Any CPU
		{7E484B5A-C92B-4ED4-AD82-C1B68DFAB5E5}.Release|Any CPU Testing.Build.0 = Release|Any CPU
		{7E484B5A-C92B-4ED4-AD82-C1B68DFAB5E5}.Release|ARM64.ActiveCfg = Release|Any CPU
		{7E484B5A-C92B-4ED4-AD82-C1B68DFAB5E5}.Release|ARM64.Build.0 = Release|Any CPU
		{BF99080C-DC51-4CBE-AE92-2E75E13C3396}.Debug|Any CPU.ActiveCfg = Debug|Any CPU
		{BF99080C-DC51-4CBE-AE92-2E75E13C3396}.Debug|Any CPU.Build.0 = Debug|Any CPU
		{BF99080C-DC51-4CBE-AE92-2E75E13C3396}.Debug|Any CPU Testing.ActiveCfg = Debug|Any CPU
		{BF99080C-DC51-4CBE-AE92-2E75E13C3396}.Debug|Any CPU Testing.Build.0 = Debug|Any CPU
		{BF99080C-DC51-4CBE-AE92-2E75E13C3396}.Debug|ARM64.ActiveCfg = Debug|ARM64
		{BF99080C-DC51-4CBE-AE92-2E75E13C3396}.Debug|ARM64.Build.0 = Debug|ARM64
		{BF99080C-DC51-4CBE-AE92-2E75E13C3396}.Release|Any CPU.ActiveCfg = Release|Any CPU
		{BF99080C-DC51-4CBE-AE92-2E75E13C3396}.Release|Any CPU.Build.0 = Release|Any CPU
		{BF99080C-DC51-4CBE-AE92-2E75E13C3396}.Release|Any CPU Testing.ActiveCfg = Release|Any CPU
		{BF99080C-DC51-4CBE-AE92-2E75E13C3396}.Release|Any CPU Testing.Build.0 = Release|Any CPU
		{BF99080C-DC51-4CBE-AE92-2E75E13C3396}.Release|ARM64.ActiveCfg = Release|Any CPU
		{BF99080C-DC51-4CBE-AE92-2E75E13C3396}.Release|ARM64.Build.0 = Release|Any CPU
		{011C1F30-91B2-4726-92C2-C2AA0FDE22E4}.Debug|Any CPU.ActiveCfg = Debug|Any CPU
		{011C1F30-91B2-4726-92C2-C2AA0FDE22E4}.Debug|Any CPU.Build.0 = Debug|Any CPU
		{011C1F30-91B2-4726-92C2-C2AA0FDE22E4}.Debug|Any CPU Testing.ActiveCfg = Debug|Any CPU
		{011C1F30-91B2-4726-92C2-C2AA0FDE22E4}.Debug|Any CPU Testing.Build.0 = Debug|Any CPU
		{011C1F30-91B2-4726-92C2-C2AA0FDE22E4}.Debug|ARM64.ActiveCfg = Debug|Any CPU
		{011C1F30-91B2-4726-92C2-C2AA0FDE22E4}.Debug|ARM64.Build.0 = Debug|Any CPU
		{011C1F30-91B2-4726-92C2-C2AA0FDE22E4}.Release|Any CPU.ActiveCfg = Release|Any CPU
		{011C1F30-91B2-4726-92C2-C2AA0FDE22E4}.Release|Any CPU.Build.0 = Release|Any CPU
		{011C1F30-91B2-4726-92C2-C2AA0FDE22E4}.Release|Any CPU Testing.ActiveCfg = Release|Any CPU
		{011C1F30-91B2-4726-92C2-C2AA0FDE22E4}.Release|Any CPU Testing.Build.0 = Release|Any CPU
		{011C1F30-91B2-4726-92C2-C2AA0FDE22E4}.Release|ARM64.ActiveCfg = Release|Any CPU
		{011C1F30-91B2-4726-92C2-C2AA0FDE22E4}.Release|ARM64.Build.0 = Release|Any CPU
	EndGlobalSection
	GlobalSection(SolutionProperties) = preSolution
		HideSolutionNode = FALSE
	EndGlobalSection
	GlobalSection(NestedProjects) = preSolution
		{0EE32257-B075-4276-9571-451E06E1EA8A} = {5D110BBC-7FBA-4B39-A80C-3417D72F258F}
		{CBCDF411-471A-4ACE-9B4C-41F77B08EB4D} = {5D110BBC-7FBA-4B39-A80C-3417D72F258F}
		{011C1F30-91B2-4726-92C2-C2AA0FDE22E4} = {0EC5A54B-A5EF-4F84-A6D6-2B6E781D6E02}
	EndGlobalSection
	GlobalSection(ExtensibilityGlobals) = postSolution
		SolutionGuid = {FF53B7CF-B172-4441-9376-D74BFCF540C3}
	EndGlobalSection
EndGlobal
